
Microsoft Visual Studio Solution File, Format Version 12.00
# Visual Studio Version 16
VisualStudioVersion = 16.0.31410.357
MinimumVisualStudioVersion = 10.0.40219.1
Project("{FAE04EC0-301F-11D3-BF4B-00C04F79EFBC}") = "Method days2", "Method days2\Method days2.csproj", "{C1665194-58E0-47A4-8628-1CB6275A2540}"
EndProject
Global
	GlobalSection(SolutionConfigurationPlatforms) = preSolution
		Debug|Any CPU = Debug|Any CPU
		Release|Any CPU = Release|Any CPU
	EndGlobalSection
	GlobalSection(ProjectConfigurationPlatforms) = postSolution
		{C1665194-58E0-47A4-8628-1CB6275A2540}.Debug|Any CPU.ActiveCfg = Debug|Any CPU
		{C1665194-58E0-47A4-8628-1CB6275A2540}.Debug|Any CPU.Build.0 = Debug|Any CPU
		{C1665194-58E0-47A4-8628-1CB6275A2540}.Release|Any CPU.ActiveCfg = Release|Any CPU
		{C1665194-58E0-47A4-8628-1CB6275A2540}.Release|Any CPU.Build.0 = Release|Any CPU
	EndGlobalSection
	GlobalSection(SolutionProperties) = preSolution
		HideSolutionNode = FALSE
	EndGlobalSection
	GlobalSection(ExtensibilityGlobals) = postSolution
		SolutionGuid = {7A1B2AD6-3041-4539-A0DC-BB281DC7F0C4}
	EndGlobalSection
EndGlobal
