
Microsoft Visual Studio Solution File, Format Version 12.00
# Visual Studio Version 16
VisualStudioVersion = 16.0.31410.357
MinimumVisualStudioVersion = 10.0.40219.1
Project("{FAE04EC0-301F-11D3-BF4B-00C04F79EFBC}") = "ADO_Samples", "ADO_Samples\ADO_Samples.csproj", "{045FFD3A-3455-4469-8EAC-A748B15E2E61}"
EndProject
Global
	GlobalSection(SolutionConfigurationPlatforms) = preSolution
		Debug|Any CPU = Debug|Any CPU
		Release|Any CPU = Release|Any CPU
	EndGlobalSection
	GlobalSection(ProjectConfigurationPlatforms) = postSolution
		{045FFD3A-3455-4469-8EAC-A748B15E2E61}.Debug|Any CPU.ActiveCfg = Debug|Any CPU
		{045FFD3A-3455-4469-8EAC-A748B15E2E61}.Debug|Any CPU.Build.0 = Debug|Any CPU
		{045FFD3A-3455-4469-8EAC-A748B15E2E61}.Release|Any CPU.ActiveCfg = Release|Any CPU
		{045FFD3A-3455-4469-8EAC-A748B15E2E61}.Release|Any CPU.Build.0 = Release|Any CPU
	EndGlobalSection
	GlobalSection(SolutionProperties) = preSolution
		HideSolutionNode = FALSE
	EndGlobalSection
	GlobalSection(ExtensibilityGlobals) = postSolution
		SolutionGuid = {C5B5EB6B-CBBA-42AE-8A96-BD3BA5FFB476}
	EndGlobalSection
EndGlobal
