
Microsoft Visual Studio Solution File, Format Version 12.00
# Visual Studio Version 16
VisualStudioVersion = 16.0.31410.357
MinimumVisualStudioVersion = 10.0.40219.1
Project("{FAE04EC0-301F-11D3-BF4B-00C04F79EFBC}") = "class days3.cs", "class days3.cs\class days3.cs.csproj", "{55DA2072-30FA-4A85-8B6A-FB704D79E11A}"
EndProject
Global
	GlobalSection(SolutionConfigurationPlatforms) = preSolution
		Debug|Any CPU = Debug|Any CPU
		Release|Any CPU = Release|Any CPU
	EndGlobalSection
	GlobalSection(ProjectConfigurationPlatforms) = postSolution
		{55DA2072-30FA-4A85-8B6A-FB704D79E11A}.Debug|Any CPU.ActiveCfg = Debug|Any CPU
		{55DA2072-30FA-4A85-8B6A-FB704D79E11A}.Debug|Any CPU.Build.0 = Debug|Any CPU
		{55DA2072-30FA-4A85-8B6A-FB704D79E11A}.Release|Any CPU.ActiveCfg = Release|Any CPU
		{55DA2072-30FA-4A85-8B6A-FB704D79E11A}.Release|Any CPU.Build.0 = Release|Any CPU
	EndGlobalSection
	GlobalSection(SolutionProperties) = preSolution
		HideSolutionNode = FALSE
	EndGlobalSection
	GlobalSection(ExtensibilityGlobals) = postSolution
		SolutionGuid = {04C50C93-8A40-4CEB-84A7-B962B357144A}
	EndGlobalSection
EndGlobal
