
Microsoft Visual Studio Solution File, Format Version 12.00
# Visual Studio Version 16
VisualStudioVersion = 16.0.31410.357
MinimumVisualStudioVersion = 10.0.40219.1
Project("{FAE04EC0-301F-11D3-BF4B-00C04F79EFBC}") = "WindowsProject", "WindowsProject\WindowsProject.csproj", "{BBF6938E-6FBA-4BB5-8C32-1D2F7F9EC984}"
EndProject
Global
	GlobalSection(SolutionConfigurationPlatforms) = preSolution
		Debug|Any CPU = Debug|Any CPU
		Release|Any CPU = Release|Any CPU
	EndGlobalSection
	GlobalSection(ProjectConfigurationPlatforms) = postSolution
		{BBF6938E-6FBA-4BB5-8C32-1D2F7F9EC984}.Debug|Any CPU.ActiveCfg = Debug|Any CPU
		{BBF6938E-6FBA-4BB5-8C32-1D2F7F9EC984}.Debug|Any CPU.Build.0 = Debug|Any CPU
		{BBF6938E-6FBA-4BB5-8C32-1D2F7F9EC984}.Release|Any CPU.ActiveCfg = Release|Any CPU
		{BBF6938E-6FBA-4BB5-8C32-1D2F7F9EC984}.Release|Any CPU.Build.0 = Release|Any CPU
	EndGlobalSection
	GlobalSection(SolutionProperties) = preSolution
		HideSolutionNode = FALSE
	EndGlobalSection
	GlobalSection(ExtensibilityGlobals) = postSolution
		SolutionGuid = {C6B046EE-45B0-4168-B125-455D07F4772D}
	EndGlobalSection
EndGlobal
