
Microsoft Visual Studio Solution File, Format Version 12.00
# Visual Studio Version 16
VisualStudioVersion = 16.0.31402.337
MinimumVisualStudioVersion = 10.0.40219.1
Project("{E24C65DC-7377-472B-9ABA-BC803B73C61A}") = "Keylong", ".", "{04B589CF-CA28-466F-AF33-0DC28D35A150}"
	ProjectSection(WebsiteProperties) = preProject
		TargetFrameworkMoniker = ".NETFramework,Version%3Dv4.0"
		Debug.AspNetCompiler.VirtualPath = "/localhost_49291"
		Debug.AspNetCompiler.PhysicalPath = "..\Keylong\"
		Debug.AspNetCompiler.TargetPath = "PrecompiledWeb\localhost_49291\"
		Debug.AspNetCompiler.Updateable = "true"
		Debug.AspNetCompiler.ForceOverwrite = "true"
		Debug.AspNetCompiler.FixedNames = "false"
		Debug.AspNetCompiler.Debug = "True"
		Release.AspNetCompiler.VirtualPath = "/localhost_49291"
		Release.AspNetCompiler.PhysicalPath = "..\Keylong\"
		Release.AspNetCompiler.TargetPath = "PrecompiledWeb\localhost_49291\"
		Release.AspNetCompiler.Updateable = "true"
		Release.AspNetCompiler.ForceOverwrite = "true"
		Release.AspNetCompiler.FixedNames = "false"
		Release.AspNetCompiler.Debug = "False"
		VWDPort = "49291"
		SlnRelativePath = "..\Keylong\"
	EndProjectSection
EndProject
Global
	GlobalSection(SolutionConfigurationPlatforms) = preSolution
		Debug|Any CPU = Debug|Any CPU
	EndGlobalSection
	GlobalSection(ProjectConfigurationPlatforms) = postSolution
		{04B589CF-CA28-466F-AF33-0DC28D35A150}.Debug|Any CPU.ActiveCfg = Debug|Any CPU
		{04B589CF-CA28-466F-AF33-0DC28D35A150}.Debug|Any CPU.Build.0 = Debug|Any CPU
	EndGlobalSection
	GlobalSection(SolutionProperties) = preSolution
		HideSolutionNode = FALSE
	EndGlobalSection
	GlobalSection(ExtensibilityGlobals) = postSolution
		SolutionGuid = {91057F46-C567-4B80-8BD6-45A89BA60C20}
	EndGlobalSection
EndGlobal
