
Microsoft Visual Studio Solution File, Format Version 12.00
# Visual Studio Version 16
VisualStudioVersion = 16.0.31410.357
MinimumVisualStudioVersion = 10.0.40219.1
Project("{FAE04EC0-301F-11D3-BF4B-00C04F79EFBC}") = "EntityFramework_Demo", "EntityFramework_Demo\EntityFramework_Demo.csproj", "{FD1CC631-568E-446B-9558-F2B733DBBD9B}"
EndProject
Global
	GlobalSection(SolutionConfigurationPlatforms) = preSolution
		Debug|Any CPU = Debug|Any CPU
		Release|Any CPU = Release|Any CPU
	EndGlobalSection
	GlobalSection(ProjectConfigurationPlatforms) = postSolution
		{FD1CC631-568E-446B-9558-F2B733DBBD9B}.Debug|Any CPU.ActiveCfg = Debug|Any CPU
		{FD1CC631-568E-446B-9558-F2B733DBBD9B}.Debug|Any CPU.Build.0 = Debug|Any CPU
		{FD1CC631-568E-446B-9558-F2B733DBBD9B}.Release|Any CPU.ActiveCfg = Release|Any CPU
		{FD1CC631-568E-446B-9558-F2B733DBBD9B}.Release|Any CPU.Build.0 = Release|Any CPU
	EndGlobalSection
	GlobalSection(SolutionProperties) = preSolution
		HideSolutionNode = FALSE
	EndGlobalSection
	GlobalSection(ExtensibilityGlobals) = postSolution
		SolutionGuid = {E93F286A-0832-4CB8-B7A7-513B22E728FF}
	EndGlobalSection
EndGlobal
