
Microsoft Visual Studio Solution File, Format Version 12.00
# Visual Studio Version 16
VisualStudioVersion = 16.0.31410.357
MinimumVisualStudioVersion = 10.0.40219.1
Project("{FAE04EC0-301F-11D3-BF4B-00C04F79EFBC}") = "ThreadProject", "ThreadProject\ThreadProject.csproj", "{D66F5654-3B9E-436D-9724-280FE066CBC0}"
EndProject
Global
	GlobalSection(SolutionConfigurationPlatforms) = preSolution
		Debug|Any CPU = Debug|Any CPU
		Release|Any CPU = Release|Any CPU
	EndGlobalSection
	GlobalSection(ProjectConfigurationPlatforms) = postSolution
		{D66F5654-3B9E-436D-9724-280FE066CBC0}.Debug|Any CPU.ActiveCfg = Debug|Any CPU
		{D66F5654-3B9E-436D-9724-280FE066CBC0}.Debug|Any CPU.Build.0 = Debug|Any CPU
		{D66F5654-3B9E-436D-9724-280FE066CBC0}.Release|Any CPU.ActiveCfg = Release|Any CPU
		{D66F5654-3B9E-436D-9724-280FE066CBC0}.Release|Any CPU.Build.0 = Release|Any CPU
	EndGlobalSection
	GlobalSection(SolutionProperties) = preSolution
		HideSolutionNode = FALSE
	EndGlobalSection
	GlobalSection(ExtensibilityGlobals) = postSolution
		SolutionGuid = {EF47D67C-E758-462F-8AC5-86BB8AB4AAEC}
	EndGlobalSection
EndGlobal
