
Microsoft Visual Studio Solution File, Format Version 12.00
# Visual Studio Version 16
VisualStudioVersion = 16.0.31410.357
MinimumVisualStudioVersion = 10.0.40219.1
Project("{FAE04EC0-301F-11D3-BF4B-00C04F79EFBC}") = "LINQ", "LINQ\LINQ.csproj", "{A287677E-6E69-4698-BAE0-95C8A5BBE974}"
EndProject
Global
	GlobalSection(SolutionConfigurationPlatforms) = preSolution
		Debug|Any CPU = Debug|Any CPU
		Release|Any CPU = Release|Any CPU
	EndGlobalSection
	GlobalSection(ProjectConfigurationPlatforms) = postSolution
		{A287677E-6E69-4698-BAE0-95C8A5BBE974}.Debug|Any CPU.ActiveCfg = Debug|Any CPU
		{A287677E-6E69-4698-BAE0-95C8A5BBE974}.Debug|Any CPU.Build.0 = Debug|Any CPU
		{A287677E-6E69-4698-BAE0-95C8A5BBE974}.Release|Any CPU.ActiveCfg = Release|Any CPU
		{A287677E-6E69-4698-BAE0-95C8A5BBE974}.Release|Any CPU.Build.0 = Release|Any CPU
	EndGlobalSection
	GlobalSection(SolutionProperties) = preSolution
		HideSolutionNode = FALSE
	EndGlobalSection
	GlobalSection(ExtensibilityGlobals) = postSolution
		SolutionGuid = {1B405187-F870-4E4F-B1C8-4DF5AB40E21B}
	EndGlobalSection
EndGlobal
