
Microsoft Visual Studio Solution File, Format Version 12.00
# Visual Studio Version 16
VisualStudioVersion = 16.0.31410.357
MinimumVisualStudioVersion = 10.0.40219.1
Project("{FAE04EC0-301F-11D3-BF4B-00C04F79EFBC}") = "DelegatesProject", "DelegatesProject\DelegatesProject.csproj", "{1712138F-8721-4AE1-8AC7-523D1624A123}"
EndProject
Global
	GlobalSection(SolutionConfigurationPlatforms) = preSolution
		Debug|Any CPU = Debug|Any CPU
		Release|Any CPU = Release|Any CPU
	EndGlobalSection
	GlobalSection(ProjectConfigurationPlatforms) = postSolution
		{1712138F-8721-4AE1-8AC7-523D1624A123}.Debug|Any CPU.ActiveCfg = Debug|Any CPU
		{1712138F-8721-4AE1-8AC7-523D1624A123}.Debug|Any CPU.Build.0 = Debug|Any CPU
		{1712138F-8721-4AE1-8AC7-523D1624A123}.Release|Any CPU.ActiveCfg = Release|Any CPU
		{1712138F-8721-4AE1-8AC7-523D1624A123}.Release|Any CPU.Build.0 = Release|Any CPU
	EndGlobalSection
	GlobalSection(SolutionProperties) = preSolution
		HideSolutionNode = FALSE
	EndGlobalSection
	GlobalSection(ExtensibilityGlobals) = postSolution
		SolutionGuid = {255696B0-C03A-4702-BCA2-28A8F00C005A}
	EndGlobalSection
EndGlobal
