
Microsoft Visual Studio Solution File, Format Version 12.00
# Visual Studio Version 16
VisualStudioVersion = 16.0.31410.357
MinimumVisualStudioVersion = 10.0.40219.1
Project("{FAE04EC0-301F-11D3-BF4B-00C04F79EFBC}") = "InterfaceProject", "ITestInterface\InterfaceProject.csproj", "{80CB0A5C-F701-44C6-B7C2-3E2891DE7AE8}"
EndProject
Global
	GlobalSection(SolutionConfigurationPlatforms) = preSolution
		Debug|Any CPU = Debug|Any CPU
		Release|Any CPU = Release|Any CPU
	EndGlobalSection
	GlobalSection(ProjectConfigurationPlatforms) = postSolution
		{80CB0A5C-F701-44C6-B7C2-3E2891DE7AE8}.Debug|Any CPU.ActiveCfg = Debug|Any CPU
		{80CB0A5C-F701-44C6-B7C2-3E2891DE7AE8}.Debug|Any CPU.Build.0 = Debug|Any CPU
		{80CB0A5C-F701-44C6-B7C2-3E2891DE7AE8}.Release|Any CPU.ActiveCfg = Release|Any CPU
		{80CB0A5C-F701-44C6-B7C2-3E2891DE7AE8}.Release|Any CPU.Build.0 = Release|Any CPU
	EndGlobalSection
	GlobalSection(SolutionProperties) = preSolution
		HideSolutionNode = FALSE
	EndGlobalSection
	GlobalSection(ExtensibilityGlobals) = postSolution
		SolutionGuid = {B0D5FA5B-39A9-4E8B-A080-F60870FDF7D2}
	EndGlobalSection
EndGlobal
