
Microsoft Visual Studio Solution File, Format Version 12.00
# Visual Studio Version 16
VisualStudioVersion = 16.0.31410.357
MinimumVisualStudioVersion = 10.0.40219.1
Project("{FAE04EC0-301F-11D3-BF4B-00C04F79EFBC}") = "MethodHiding", "MethodHiding\MethodHiding.csproj", "{138FEF55-FE58-4DE5-84C3-496D25B7B66C}"
EndProject
Global
	GlobalSection(SolutionConfigurationPlatforms) = preSolution
		Debug|Any CPU = Debug|Any CPU
		Release|Any CPU = Release|Any CPU
	EndGlobalSection
	GlobalSection(ProjectConfigurationPlatforms) = postSolution
		{138FEF55-FE58-4DE5-84C3-496D25B7B66C}.Debug|Any CPU.ActiveCfg = Debug|Any CPU
		{138FEF55-FE58-4DE5-84C3-496D25B7B66C}.Debug|Any CPU.Build.0 = Debug|Any CPU
		{138FEF55-FE58-4DE5-84C3-496D25B7B66C}.Release|Any CPU.ActiveCfg = Release|Any CPU
		{138FEF55-FE58-4DE5-84C3-496D25B7B66C}.Release|Any CPU.Build.0 = Release|Any CPU
	EndGlobalSection
	GlobalSection(SolutionProperties) = preSolution
		HideSolutionNode = FALSE
	EndGlobalSection
	GlobalSection(ExtensibilityGlobals) = postSolution
		SolutionGuid = {B33D27A3-A229-4146-A91A-E62631507703}
	EndGlobalSection
EndGlobal
